
Microsoft Visual Studio Solution File, Format Version 12.00
# Visual Studio Version 16
VisualStudioVersion = 16.0.29920.165
MinimumVisualStudioVersion = 10.0.40219.1
Project("{FAE04EC0-301F-11D3-BF4B-00C04F79EFBC}") = "s18679_poprawka", "s18679_poprawka.csproj", "{828D2685-DACA-48CB-AD5B-9E8648409A5B}"
EndProject
Global
	GlobalSection(SolutionConfigurationPlatforms) = preSolution
		Debug|Any CPU = Debug|Any CPU
		Release|Any CPU = Release|Any CPU
	EndGlobalSection
	GlobalSection(ProjectConfigurationPlatforms) = postSolution
		{828D2685-DACA-48CB-AD5B-9E8648409A5B}.Debug|Any CPU.ActiveCfg = Debug|Any CPU
		{828D2685-DACA-48CB-AD5B-9E8648409A5B}.Debug|Any CPU.Build.0 = Debug|Any CPU
		{828D2685-DACA-48CB-AD5B-9E8648409A5B}.Release|Any CPU.ActiveCfg = Release|Any CPU
		{828D2685-DACA-48CB-AD5B-9E8648409A5B}.Release|Any CPU.Build.0 = Release|Any CPU
	EndGlobalSection
	GlobalSection(SolutionProperties) = preSolution
		HideSolutionNode = FALSE
	EndGlobalSection
	GlobalSection(ExtensibilityGlobals) = postSolution
		SolutionGuid = {B245C5CA-0E89-472F-AD3F-8F0705DD98BE}
	EndGlobalSection
EndGlobal
